
Microsoft Visual Studio Solution File, Format Version 12.00
# Visual Studio 2013
VisualStudioVersion = 12.0.31101.0
MinimumVisualStudioVersion = 10.0.40219.1
Project("{FAE04EC0-301F-11D3-BF4B-00C04F79EFBC}") = "GeekQuiz", "GeekQuiz\GeekQuiz.csproj", "{DDD2DD2B-657D-4EC8-B195-C70C9A98EB09}"
EndProject
Project("{2150E333-8FDC-42A3-9474-1A3956D46DE8}") = "PublishScripts", "PublishScripts", "{9E8DCBE6-D071-43C3-859B-0E305784666C}"
	ProjectSection(SolutionItems) = preProject
		PublishScripts\AzureWebsitePublishModule.psm1 = PublishScripts\AzureWebsitePublishModule.psm1
		PublishScripts\Publish-WebApplicationWebsite.ps1 = PublishScripts\Publish-WebApplicationWebsite.ps1
	EndProjectSection
EndProject
Project("{2150E333-8FDC-42A3-9474-1A3956D46DE8}") = "Configurations", "Configurations", "{E097AD83-F355-434D-95F7-D60292A9C6EA}"
	ProjectSection(SolutionItems) = preProject
		PublishScripts\Configurations\GeekQuiz-WAWS-dev.json = PublishScripts\Configurations\GeekQuiz-WAWS-dev.json
	EndProjectSection
EndProject
Global
	GlobalSection(SolutionConfigurationPlatforms) = preSolution
		Debug|Any CPU = Debug|Any CPU
		Release|Any CPU = Release|Any CPU
	EndGlobalSection
	GlobalSection(ProjectConfigurationPlatforms) = postSolution
		{DDD2DD2B-657D-4EC8-B195-C70C9A98EB09}.Debug|Any CPU.ActiveCfg = Debug|Any CPU
		{DDD2DD2B-657D-4EC8-B195-C70C9A98EB09}.Debug|Any CPU.Build.0 = Debug|Any CPU
		{DDD2DD2B-657D-4EC8-B195-C70C9A98EB09}.Release|Any CPU.ActiveCfg = Release|Any CPU
		{DDD2DD2B-657D-4EC8-B195-C70C9A98EB09}.Release|Any CPU.Build.0 = Release|Any CPU
	EndGlobalSection
	GlobalSection(SolutionProperties) = preSolution
		HideSolutionNode = FALSE
	EndGlobalSection
	GlobalSection(NestedProjects) = preSolution
		{E097AD83-F355-434D-95F7-D60292A9C6EA} = {9E8DCBE6-D071-43C3-859B-0E305784666C}
	EndGlobalSection
EndGlobal
